# Every id Scale or Fail has published. Ids are never removed: progress and replays refer to them.
# Add new ones with `proschi game lock`.
card:async-io
card:autoscaler
card:blameless-culture
card:bridge-loan
card:cdn-contract
card:circuit-breaker
card:connection-pooling
card:covering-index
card:edge-rules
card:fast-failover
card:gzip
card:hiring-sre
card:hot-key-replication
card:load-lab
card:presigned-uploads
card:request-coalescing
card:reserved-instances
card:right-sizing
card:runbook
card:spot-workers
card:tiered-storage
card:treasury
card:ttl-tuning
card:write-batching
component:app
component:cache
component:cdn
component:gateway
component:lb
component:nosql
component:queue
component:search
component:sql
component:storage
component:waf
component:warehouse
component:worker
event:az-outage
event:cache-node-loss
event:cache-stampede
event:db-failover
event:ddos
event:hot-key
event:launch-spike
event:noisy-neighbor
event:queue-surge
event:slow-email
event:slow-provider
event:viral-spike
event:write-surge
feature:shards
feature:tiers
feature:wide-lanes
perk:free-reroll
perk:load-lab
perk:loyal-users
perk:second-pager
perk:seed-round
perk:starter-card
scenario:drop
scenario:ping
scenario:shortly
scenario:snapshots
