# Every card id ever published, sorted. Review history is stored by id, so an
# id is never deleted or reused: retire a card with `status: retired` instead.
# `proschi cards lock` adds new cards' ids (docs/CARDS.md).
anycast
api-gateway-scope
async-failover-loss
at-least-once-needs-idempotency
availability-in-series
average-latency-with-cache
b-tree-vs-lsm-tree
backoff-with-jitter
base62-code-space
bits-vs-bytes
bloom-filter
breaking-change
cache-aside
cache-cannot-decide
cache-size-for-hot-keys
cache-stampede
cap-during-a-partition
causal-consistency
cdn-cache-control
cdn-helps-on-miss
choosing-a-ttl
circuit-breaker
cold-cache-restart
composite-index-prefix
concurrent-idempotency-keys
conditional-stock-update
connection-draining
connection-pool-size
connection-pooler
connection-reuse
consistent-hashing
cost-of-an-index
covering-index
crdts
cross-region-async
cross-shard-joins
cursor-vs-offset-pagination
delete-on-write
denormalization
disk-vs-app-replication
dns-resolution-path
dns-ttl-tradeoff
early-recomputation
etag-lost-update
evolving-mobile-apis
failover-timeout
fanout-write-amplification
feed-ids-and-objects
field-sizes
fingerprinted-assets
geo-partitioning
geodns-limits
global-secondary-index
good-partition-key
graphql-tradeoff
handshake-round-trips
hit-rate-to-db-load
hot-key-replicas
hot-partition-key
hour-of-video
http-idempotent-methods
http3-head-of-line
hyperloglog
idempotency-key-design
image-feed-bandwidth
kafka-ordering
keyset-tiebreaker
l4-vs-l7-load-balancer
last-write-wins-loss
leaderless-replication
least-connections
lfu-weakness
linearizability
littles-law-concurrency
log-volume-per-day
logical-shards
long-running-operations
low-selectivity-index
lru-vs-lfu-scan
lsm-fast-reads
lsm-write-path
metrics-ingest-rate
monotonic-reads
multi-leader-conflicts
mvcc
n-plus-one-queries
negative-caching
never-reject-an-add
new-connection-latency
nodes-for-storage
object-vs-block-storage
odd-cluster-size
oltp-vs-olap
online-resharding
pessimistic-locking-when
presence-heartbeats
promoting-a-lagging-follower
put-vs-patch
qps-from-daily-users
queue-vs-pub-sub
quorum-read-size
quorum-replica-load
raft-commit
raft-failures-tolerated
raft-term
random-uuid-keys
range-vs-hash-partitioning
rate-limit-response
read-committed-anomaly
read-qps-from-write-ratio
read-repair
read-write-ratio-first
read-your-writes
redis-vs-memcached
replicas-do-not-scale-writes
rest-vs-grpc
retryable-status
reverse-proxy-roles
round-trip-latencies
routing-to-a-websocket
saga-isolation
saga-over-2pc
scatter-gather
seconds-in-a-day
seconds-in-a-month
semi-synchronous
servers-for-peak-load
service-discovery
shards-for-write-rate
sloppy-quorum
slowest-operation
snowflake-clock-backwards
snowflake-id-layout
snowflake-throughput
split-brain
ssd-vs-memory-latency
stale-set-race
sticky-sessions
storage-for-five-years-of-posts
sync-vs-async-replication
thirty-two-bit-ids
three-nines-downtime
timestamp-key-hotspot
tls-termination
transactional-outbox
tumbling-window
two-level-cache
two-phase-commit-blocking
unique-username
version-vectors
video-upload-storage-per-day
virtual-nodes
webhook-receiver
webhook-retry-window
when-eventual-is-fine
when-relational
workspace-partition-key
write-ahead-log
write-around-for-bulk
write-back-risk
write-skew
