# Every card id ever published, sorted. Review history is stored by id, so an
# id is never deleted or reused: retire a card with `status: retired` instead.
# `proschi cards lock` adds new cards' ids (docs/CARDS.md).
ack-after-store
active-active-vs-active-passive
activity-bitmaps
anycast
api-gateway-scope
async-failover-loss
at-least-once-needs-idempotency
authn-vs-authz
availability-in-series
average-hides-the-tail
average-latency-with-cache
averaging-percentiles
b-tree-vs-lsm-tree
backlog-drain-time
backoff-with-jitter
backpressure
base62-code-space
batch-is-fine
beat-your-dependency
bits-vs-bytes
block-file-object
bloom-filter
bloom-filter-memory
botnet-per-ip-limit
breaking-change
bulkheads
burn-rate-alerts
burn-rate-time-left
cache-aside
cache-cannot-decide
cache-size-for-hot-keys
cache-stampede
cap-during-a-partition
causal-consistency
cdn-cache-control
cdn-helps-on-miss
celebrity-fanout
cell-architecture
change-data-capture
checkpointed-state
choosing-a-ttl
circuit-breaker
claim-check
cold-cache-restart
competing-consumers
composite-index-prefix
concurrent-idempotency-keys
conditional-stock-update
connection-draining
connection-pool-size
connection-pooler
connection-reuse
consistent-hashing
consumers-beyond-partitions
content-addressed-dedup
context-propagation
correlated-failures
cost-of-an-index
count-min-sketch
covering-index
crdts
cross-region-async
cross-shard-joins
csrf-and-cookies
cuckoo-filter
cursor-vs-offset-pagination
dead-letter-queue
deadline-propagation
deep-health-checks
delayed-retries
delete-on-write
delivery-receipts
denormalization
disk-vs-app-replication
dns-resolution-path
dns-ttl-tradeoff
durability-is-not-backup
early-recomputation
egress-bill
encryption-at-rest-threat
envelope-encryption
ephemeral-znode
erasure-coding
erasure-coding-raw-capacity
error-budget
etag-lost-update
event-time
evolving-mobile-apis
expand-contract-migration
fail-open-or-closed
failover-timeout
fan-out-tail-latency
fanout-write-amplification
fanout-write-vs-read
feed-ids-and-objects
fencing-tokens
field-sizes
fingerprinted-assets
fixed-window-boundary
four-nines-per-year
four-nines-weekly-window
geo-partitioning
geodns-limits
geohash-neighbours
geohash-prefix
global-secondary-index
good-partition-key
graceful-degradation
graphql-tradeoff
handshake-round-trips
head-vs-tail-sampling
heavy-hitters-structure
hedged-requests
hit-rate-to-db-load
hls-segments-cache
hot-key-replicas
hot-partition-key
hour-of-video
http-idempotent-methods
http3-head-of-line
hyperloglog
idempotency-is-not-replay-protection
idempotency-key-design
idempotent-consumer-crash
image-feed-bandwidth
inverted-index
jwt-algorithm-check
jwt-payload-is-readable
jwt-revocation
kafka-ordering
kafka-retention
kappa-reprocessing
keyset-tiebreaker
l4-vs-l7-load-balancer
lamport-clock
last-write-wins-loss
late-event-options
latency-histograms
leader-lease
leaderboard-sorted-set
leaderless-replication
leaked-signed-url
leaky-bucket
least-connections
least-privilege-role
lfu-weakness
linearizability
littles-law-concurrency
load-shedding
log-compaction
log-volume-per-day
log-vs-queue
logical-shards
login-brute-force-time
long-polling
long-running-operations
low-selectivity-index
lru-vs-lfu-scan
lsm-fast-reads
lsm-write-path
merkle-tree
message-ordering
metadata-vs-content
metric-cardinality
metrics-ingest-rate
metrics-logs-traces
monotonic-reads
mtls-between-services
multi-leader-conflicts
multipart-upload
mvcc
n-plus-one-queries
negative-caching
never-reject-an-add
new-connection-latency
nodes-for-storage
nodes-for-three-failures
oauth-pkce
object-vs-block-storage
odd-cluster-size
offset-commit-timing
oltp-vs-olap
online-backfill
online-resharding
partitions-for-throughput
per-key-ordering
pessimistic-locking-when
pre-aggregate-counts
presence-fanout
presence-heartbeats
presigned-upload
promoting-a-lagging-follower
push-is-best-effort
push-when-offline
put-vs-patch
qps-from-daily-users
quadtree-vs-geohash
queue-load-levelling
queue-vs-pub-sub
quorum-read-size
quorum-replica-load
quorum-zone-placement
raft-commit
raft-cross-region-latency
raft-election-timeout
raft-failures-tolerated
raft-term
raft-vote-restriction
raft-vs-paxos
random-uuid-keys
range-vs-hash-partitioning
rate-limit-response
read-committed-anomaly
read-qps-from-write-ratio
read-repair
read-write-ratio-first
read-your-writes
rebalance-effects
reconnect-storm
red-and-use
redis-vs-memcached
redlock-debate
replicas-do-not-scale-writes
rest-vs-grpc
retention-storage
retry-amplification
retryable-status
reverse-proxy-roles
round-trip-latencies
routing-to-a-websocket
rto-and-rpo
safe-deploys
saga-isolation
saga-orchestration-vs-choreography
saga-over-2pc
scale-on-message-age
scatter-gather
seconds-in-a-day
seconds-in-a-month
secret-rotation
semi-synchronous
separate-priority-queues
servers-for-peak-load
service-discovery
session-cookie-flags
session-window
shards-for-write-rate
shared-rate-limit-counter
skip-list
sli-slo-sla
sliding-window-counter
slo-not-100
sloppy-quorum
slowest-operation
snowflake-clock-backwards
snowflake-id-layout
snowflake-throughput
split-brain
ssd-vs-memory-latency
sse-for-one-way
ssrf
stale-queued-requests
stale-set-race
stateful-gateways
sticky-sessions
storage-classes
storage-for-five-years-of-posts
store-before-fanout
structured-logging
surviving-a-zone
sync-on-reconnect
sync-vs-async-replication
synthetic-vs-real-user
thirty-two-bit-ids
three-and-a-half-nines
three-nines-downtime
three-replicas-parallel
timeouts-on-every-call
timestamp-key-hotspot
tls-termination
token-bucket
top-k-heap
trace-and-span-ids
transactional-outbox
trie-top-k
tumbling-window
two-level-cache
two-pc-coordinator-crash
two-phase-commit-blocking
typing-indicators
unique-username
upload-completion-events
vector-clock-compare
version-vectors
video-upload-storage-per-day
virtual-nodes
visibility-timeout
watermarks
webhook-receiver
webhook-retry-window
websocket-servers-needed
when-eventual-is-fine
when-relational
workers-needed
workspace-partition-key
write-ahead-log
write-around-for-bulk
write-back-risk
write-skew
zero-rpo-setup
zookeeper-etcd-uses
