# Every card id ever published, sorted. Review history is stored by id, so an
# id is never deleted or reused: retire a card with `status: retired` instead.
# `proschi cards lock` adds new cards' ids (docs/CARDS.md).
ack-after-store
anycast
api-gateway-scope
async-failover-loss
at-least-once-needs-idempotency
availability-in-series
average-latency-with-cache
b-tree-vs-lsm-tree
backlog-drain-time
backoff-with-jitter
backpressure
base62-code-space
batch-is-fine
bits-vs-bytes
bloom-filter
breaking-change
cache-aside
cache-cannot-decide
cache-size-for-hot-keys
cache-stampede
cap-during-a-partition
causal-consistency
cdn-cache-control
cdn-helps-on-miss
celebrity-fanout
change-data-capture
checkpointed-state
choosing-a-ttl
circuit-breaker
claim-check
cold-cache-restart
competing-consumers
composite-index-prefix
concurrent-idempotency-keys
conditional-stock-update
connection-draining
connection-pool-size
connection-pooler
connection-reuse
consistent-hashing
consumers-beyond-partitions
cost-of-an-index
covering-index
crdts
cross-region-async
cross-shard-joins
cursor-vs-offset-pagination
dead-letter-queue
delayed-retries
delete-on-write
delivery-receipts
denormalization
disk-vs-app-replication
dns-resolution-path
dns-ttl-tradeoff
early-recomputation
etag-lost-update
event-time
evolving-mobile-apis
failover-timeout
fanout-write-amplification
fanout-write-vs-read
feed-ids-and-objects
field-sizes
fingerprinted-assets
geo-partitioning
geodns-limits
global-secondary-index
good-partition-key
graphql-tradeoff
handshake-round-trips
hit-rate-to-db-load
hot-key-replicas
hot-partition-key
hour-of-video
http-idempotent-methods
http3-head-of-line
hyperloglog
idempotency-key-design
image-feed-bandwidth
kafka-ordering
kafka-retention
kappa-reprocessing
keyset-tiebreaker
l4-vs-l7-load-balancer
last-write-wins-loss
late-event-options
leaderless-replication
least-connections
lfu-weakness
linearizability
littles-law-concurrency
log-compaction
log-volume-per-day
log-vs-queue
logical-shards
long-polling
long-running-operations
low-selectivity-index
lru-vs-lfu-scan
lsm-fast-reads
lsm-write-path
message-ordering
metrics-ingest-rate
monotonic-reads
multi-leader-conflicts
mvcc
n-plus-one-queries
negative-caching
never-reject-an-add
new-connection-latency
nodes-for-storage
object-vs-block-storage
odd-cluster-size
offset-commit-timing
oltp-vs-olap
online-resharding
partitions-for-throughput
per-key-ordering
pessimistic-locking-when
pre-aggregate-counts
presence-fanout
presence-heartbeats
promoting-a-lagging-follower
push-is-best-effort
push-when-offline
put-vs-patch
qps-from-daily-users
queue-load-levelling
queue-vs-pub-sub
quorum-read-size
quorum-replica-load
raft-commit
raft-failures-tolerated
raft-term
random-uuid-keys
range-vs-hash-partitioning
rate-limit-response
read-committed-anomaly
read-qps-from-write-ratio
read-repair
read-write-ratio-first
read-your-writes
rebalance-effects
reconnect-storm
redis-vs-memcached
replicas-do-not-scale-writes
rest-vs-grpc
retention-storage
retryable-status
reverse-proxy-roles
round-trip-latencies
routing-to-a-websocket
saga-isolation
saga-over-2pc
scale-on-message-age
scatter-gather
seconds-in-a-day
seconds-in-a-month
semi-synchronous
separate-priority-queues
servers-for-peak-load
service-discovery
session-window
shards-for-write-rate
sloppy-quorum
slowest-operation
snowflake-clock-backwards
snowflake-id-layout
snowflake-throughput
split-brain
ssd-vs-memory-latency
sse-for-one-way
stale-set-race
stateful-gateways
sticky-sessions
storage-for-five-years-of-posts
store-before-fanout
sync-on-reconnect
sync-vs-async-replication
thirty-two-bit-ids
three-nines-downtime
timestamp-key-hotspot
tls-termination
transactional-outbox
tumbling-window
two-level-cache
two-phase-commit-blocking
typing-indicators
unique-username
version-vectors
video-upload-storage-per-day
virtual-nodes
visibility-timeout
watermarks
webhook-receiver
webhook-retry-window
websocket-servers-needed
when-eventual-is-fine
when-relational
workers-needed
workspace-partition-key
write-ahead-log
write-around-for-bulk
write-back-risk
write-skew
